
Microsoft Visual Studio Solution File, Format Version 12.00
# Visual Studio 15
Project("{FAE04EC0-301F-11D3-BF4B-00C04F79EFBC}") = "TestFargate", "TestFargate\TestFargate.csproj", "{26EB1DB5-77D9-4D5D-9D53-3CE2E6E28561}"
EndProject
Project("{E53339B2-1760-4266-BCC7-CA923CBCF16C}") = "docker-compose", "docker-compose.dcproj", "{A2134F8B-E5C8-4AEF-A709-C9A49D660E4D}"
EndProject
Global
	GlobalSection(SolutionConfigurationPlatforms) = preSolution
		Debug|Any CPU = Debug|Any CPU
		Release|Any CPU = Release|Any CPU
	EndGlobalSection
	GlobalSection(ProjectConfigurationPlatforms) = postSolution
		{26EB1DB5-77D9-4D5D-9D53-3CE2E6E28561}.Debug|Any CPU.ActiveCfg = Debug|Any CPU
		{26EB1DB5-77D9-4D5D-9D53-3CE2E6E28561}.Debug|Any CPU.Build.0 = Debug|Any CPU
		{26EB1DB5-77D9-4D5D-9D53-3CE2E6E28561}.Release|Any CPU.ActiveCfg = Release|Any CPU
		{26EB1DB5-77D9-4D5D-9D53-3CE2E6E28561}.Release|Any CPU.Build.0 = Release|Any CPU
		{A2134F8B-E5C8-4AEF-A709-C9A49D660E4D}.Debug|Any CPU.ActiveCfg = Debug|Any CPU
		{A2134F8B-E5C8-4AEF-A709-C9A49D660E4D}.Debug|Any CPU.Build.0 = Debug|Any CPU
		{A2134F8B-E5C8-4AEF-A709-C9A49D660E4D}.Release|Any CPU.ActiveCfg = Release|Any CPU
		{A2134F8B-E5C8-4AEF-A709-C9A49D660E4D}.Release|Any CPU.Build.0 = Release|Any CPU
	EndGlobalSection
EndGlobal
